
Microsoft Visual Studio Solution File, Format Version 12.00
# Visual Studio Version 17
VisualStudioVersion = 17.0.32112.339
MinimumVisualStudioVersion = 10.0.40219.1
Project("{2150E333-8FDC-42A3-9474-1A3956D46DE8}") = "DAL", "DAL", "{65CA0FB9-93A1-4EC0-83BC-A28E3FE8EB62}"
EndProject
Project("{2150E333-8FDC-42A3-9474-1A3956D46DE8}") = "PL", "PL", "{CA4BCCCF-D7DC-4F9A-8C0E-F47B4EF3AED4}"
EndProject
Project("{2150E333-8FDC-42A3-9474-1A3956D46DE8}") = "BLL", "BLL", "{A3DB1455-D3CD-4685-A35A-A8A1A6C205A9}"
EndProject
Project("{9A19103F-16F7-4668-BE54-9A1E7A4F7556}") = "Entities", "Entities\Entities.csproj", "{AAF5C304-CBDB-4D5A-A053-B88408C83A8E}"
EndProject
Project("{9A19103F-16F7-4668-BE54-9A1E7A4F7556}") = "Database", "Database\Database.csproj", "{C72BFB4A-B177-4F52-9328-6714EBD7C8E4}"
EndProject
Project("{9A19103F-16F7-4668-BE54-9A1E7A4F7556}") = "ModulesDAL", "ModuleDAL\ModulesDAL.csproj", "{E5B9EB75-931C-4645-8981-299B7756D556}"
EndProject
Project("{9A19103F-16F7-4668-BE54-9A1E7A4F7556}") = "UnitOfWork", "UnitOfWork\UnitOfWork.csproj", "{3F29BBB7-D53D-4639-A792-5A7A8978FC12}"
EndProject
Project("{9A19103F-16F7-4668-BE54-9A1E7A4F7556}") = "Repositories", "Repositories\Repositories.csproj", "{55C4E069-9A83-4160-95E6-AAC0E1E29F90}"
EndProject
Project("{9A19103F-16F7-4668-BE54-9A1E7A4F7556}") = "CommandsAndQueries", "CommandsAndQueries\CommandsAndQueries.csproj", "{84AFE404-AB1C-45C5-AB41-2C03A67542A0}"
EndProject
Project("{9A19103F-16F7-4668-BE54-9A1E7A4F7556}") = "ViewModels", "ViewModels\ViewModels.csproj", "{9427C1C3-6DFF-46E8-ADCE-CBD9BC922F3B}"
EndProject
Project("{9A19103F-16F7-4668-BE54-9A1E7A4F7556}") = "ModulesBLL", "ModuleAPI\ModulesBLL.csproj", "{590AB826-1C5B-466A-A5E2-9D769E150085}"
EndProject
Project("{9A19103F-16F7-4668-BE54-9A1E7A4F7556}") = "UI.WebAPI", "UI.WebAPI\UI.WebAPI.csproj", "{06B2683E-6C43-45EA-B01E-B6ED453BFF8B}"
EndProject
Project("{2150E333-8FDC-42A3-9474-1A3956D46DE8}") = "Tests", "Tests", "{559F13B7-9FE9-4B61-AA3D-691999C9EA8F}"
EndProject
Project("{FAE04EC0-301F-11D3-BF4B-00C04F79EFBC}") = "BLL.Tests", "BLL.Tests\BLL.Tests.csproj", "{12B03A45-2290-422F-949C-D438843F4E42}"
EndProject
Global
	GlobalSection(SolutionConfigurationPlatforms) = preSolution
		Debug|Any CPU = Debug|Any CPU
		Release|Any CPU = Release|Any CPU
	EndGlobalSection
	GlobalSection(ProjectConfigurationPlatforms) = postSolution
		{AAF5C304-CBDB-4D5A-A053-B88408C83A8E}.Debug|Any CPU.ActiveCfg = Debug|Any CPU
		{AAF5C304-CBDB-4D5A-A053-B88408C83A8E}.Debug|Any CPU.Build.0 = Debug|Any CPU
		{AAF5C304-CBDB-4D5A-A053-B88408C83A8E}.Release|Any CPU.ActiveCfg = Release|Any CPU
		{AAF5C304-CBDB-4D5A-A053-B88408C83A8E}.Release|Any CPU.Build.0 = Release|Any CPU
		{C72BFB4A-B177-4F52-9328-6714EBD7C8E4}.Debug|Any CPU.ActiveCfg = Debug|Any CPU
		{C72BFB4A-B177-4F52-9328-6714EBD7C8E4}.Debug|Any CPU.Build.0 = Debug|Any CPU
		{C72BFB4A-B177-4F52-9328-6714EBD7C8E4}.Release|Any CPU.ActiveCfg = Release|Any CPU
		{C72BFB4A-B177-4F52-9328-6714EBD7C8E4}.Release|Any CPU.Build.0 = Release|Any CPU
		{E5B9EB75-931C-4645-8981-299B7756D556}.Debug|Any CPU.ActiveCfg = Debug|Any CPU
		{E5B9EB75-931C-4645-8981-299B7756D556}.Debug|Any CPU.Build.0 = Debug|Any CPU
		{E5B9EB75-931C-4645-8981-299B7756D556}.Release|Any CPU.ActiveCfg = Release|Any CPU
		{E5B9EB75-931C-4645-8981-299B7756D556}.Release|Any CPU.Build.0 = Release|Any CPU
		{3F29BBB7-D53D-4639-A792-5A7A8978FC12}.Debug|Any CPU.ActiveCfg = Debug|Any CPU
		{3F29BBB7-D53D-4639-A792-5A7A8978FC12}.Debug|Any CPU.Build.0 = Debug|Any CPU
		{3F29BBB7-D53D-4639-A792-5A7A8978FC12}.Release|Any CPU.ActiveCfg = Release|Any CPU
		{3F29BBB7-D53D-4639-A792-5A7A8978FC12}.Release|Any CPU.Build.0 = Release|Any CPU
		{55C4E069-9A83-4160-95E6-AAC0E1E29F90}.Debug|Any CPU.ActiveCfg = Debug|Any CPU
		{55C4E069-9A83-4160-95E6-AAC0E1E29F90}.Debug|Any CPU.Build.0 = Debug|Any CPU
		{55C4E069-9A83-4160-95E6-AAC0E1E29F90}.Release|Any CPU.ActiveCfg = Release|Any CPU
		{55C4E069-9A83-4160-95E6-AAC0E1E29F90}.Release|Any CPU.Build.0 = Release|Any CPU
		{84AFE404-AB1C-45C5-AB41-2C03A67542A0}.Debug|Any CPU.ActiveCfg = Debug|Any CPU
		{84AFE404-AB1C-45C5-AB41-2C03A67542A0}.Debug|Any CPU.Build.0 = Debug|Any CPU
		{84AFE404-AB1C-45C5-AB41-2C03A67542A0}.Release|Any CPU.ActiveCfg = Release|Any CPU
		{84AFE404-AB1C-45C5-AB41-2C03A67542A0}.Release|Any CPU.Build.0 = Release|Any CPU
		{9427C1C3-6DFF-46E8-ADCE-CBD9BC922F3B}.Debug|Any CPU.ActiveCfg = Debug|Any CPU
		{9427C1C3-6DFF-46E8-ADCE-CBD9BC922F3B}.Debug|Any CPU.Build.0 = Debug|Any CPU
		{9427C1C3-6DFF-46E8-ADCE-CBD9BC922F3B}.Release|Any CPU.ActiveCfg = Release|Any CPU
		{9427C1C3-6DFF-46E8-ADCE-CBD9BC922F3B}.Release|Any CPU.Build.0 = Release|Any CPU
		{590AB826-1C5B-466A-A5E2-9D769E150085}.Debug|Any CPU.ActiveCfg = Debug|Any CPU
		{590AB826-1C5B-466A-A5E2-9D769E150085}.Debug|Any CPU.Build.0 = Debug|Any CPU
		{590AB826-1C5B-466A-A5E2-9D769E150085}.Release|Any CPU.ActiveCfg = Release|Any CPU
		{590AB826-1C5B-466A-A5E2-9D769E150085}.Release|Any CPU.Build.0 = Release|Any CPU
		{06B2683E-6C43-45EA-B01E-B6ED453BFF8B}.Debug|Any CPU.ActiveCfg = Debug|Any CPU
		{06B2683E-6C43-45EA-B01E-B6ED453BFF8B}.Debug|Any CPU.Build.0 = Debug|Any CPU
		{06B2683E-6C43-45EA-B01E-B6ED453BFF8B}.Release|Any CPU.ActiveCfg = Release|Any CPU
		{06B2683E-6C43-45EA-B01E-B6ED453BFF8B}.Release|Any CPU.Build.0 = Release|Any CPU
		{12B03A45-2290-422F-949C-D438843F4E42}.Debug|Any CPU.ActiveCfg = Debug|Any CPU
		{12B03A45-2290-422F-949C-D438843F4E42}.Debug|Any CPU.Build.0 = Debug|Any CPU
		{12B03A45-2290-422F-949C-D438843F4E42}.Release|Any CPU.ActiveCfg = Release|Any CPU
		{12B03A45-2290-422F-949C-D438843F4E42}.Release|Any CPU.Build.0 = Release|Any CPU
	EndGlobalSection
	GlobalSection(SolutionProperties) = preSolution
		HideSolutionNode = FALSE
	EndGlobalSection
	GlobalSection(NestedProjects) = preSolution
		{AAF5C304-CBDB-4D5A-A053-B88408C83A8E} = {65CA0FB9-93A1-4EC0-83BC-A28E3FE8EB62}
		{C72BFB4A-B177-4F52-9328-6714EBD7C8E4} = {65CA0FB9-93A1-4EC0-83BC-A28E3FE8EB62}
		{E5B9EB75-931C-4645-8981-299B7756D556} = {65CA0FB9-93A1-4EC0-83BC-A28E3FE8EB62}
		{3F29BBB7-D53D-4639-A792-5A7A8978FC12} = {65CA0FB9-93A1-4EC0-83BC-A28E3FE8EB62}
		{55C4E069-9A83-4160-95E6-AAC0E1E29F90} = {65CA0FB9-93A1-4EC0-83BC-A28E3FE8EB62}
		{84AFE404-AB1C-45C5-AB41-2C03A67542A0} = {A3DB1455-D3CD-4685-A35A-A8A1A6C205A9}
		{9427C1C3-6DFF-46E8-ADCE-CBD9BC922F3B} = {A3DB1455-D3CD-4685-A35A-A8A1A6C205A9}
		{590AB826-1C5B-466A-A5E2-9D769E150085} = {A3DB1455-D3CD-4685-A35A-A8A1A6C205A9}
		{06B2683E-6C43-45EA-B01E-B6ED453BFF8B} = {CA4BCCCF-D7DC-4F9A-8C0E-F47B4EF3AED4}
		{12B03A45-2290-422F-949C-D438843F4E42} = {559F13B7-9FE9-4B61-AA3D-691999C9EA8F}
	EndGlobalSection
	GlobalSection(ExtensibilityGlobals) = postSolution
		SolutionGuid = {94C81A13-887C-4F1D-B5EA-657052FC3D0D}
	EndGlobalSection
EndGlobal
